
Microsoft Visual Studio Solution File, Format Version 12.00
# Visual Studio Version 16
VisualStudioVersion = 16.0.29613.14
MinimumVisualStudioVersion = 10.0.40219.1
Project("{FAE04EC0-301F-11D3-BF4B-00C04F79EFBC}") = "MyQQAppServer", "MyQQAppServer.csproj", "{F0EF2CE0-CFB3-49CA-9EB1-CDA3F6B6708C}"
EndProject
Global
	GlobalSection(SolutionConfigurationPlatforms) = preSolution
		Debug|Any CPU = Debug|Any CPU
		Release|Any CPU = Release|Any CPU
	EndGlobalSection
	GlobalSection(ProjectConfigurationPlatforms) = postSolution
		{F0EF2CE0-CFB3-49CA-9EB1-CDA3F6B6708C}.Debug|Any CPU.ActiveCfg = Debug|Any CPU
		{F0EF2CE0-CFB3-49CA-9EB1-CDA3F6B6708C}.Debug|Any CPU.Build.0 = Debug|Any CPU
		{F0EF2CE0-CFB3-49CA-9EB1-CDA3F6B6708C}.Release|Any CPU.ActiveCfg = Release|Any CPU
		{F0EF2CE0-CFB3-49CA-9EB1-CDA3F6B6708C}.Release|Any CPU.Build.0 = Release|Any CPU
	EndGlobalSection
	GlobalSection(SolutionProperties) = preSolution
		HideSolutionNode = FALSE
	EndGlobalSection
	GlobalSection(ExtensibilityGlobals) = postSolution
		SolutionGuid = {3FA1A103-5264-4506-8945-559B213B03E0}
	EndGlobalSection
EndGlobal
